
Microsoft Visual Studio Solution File, Format Version 12.00
# Visual Studio Version 17
VisualStudioVersion = 17.10.35027.167
MinimumVisualStudioVersion = 10.0.40219.1
Project("{9A19103F-16F7-4668-BE54-9A1E7A4F7556}") = "ntlm.Damien", "ntlm.Damien\ntlm.Damien.csproj", "{DB0A6802-3920-49D1-BA85-625A4CF5394B}"
EndProject
Project("{9A19103F-16F7-4668-BE54-9A1E7A4F7556}") = "ntlm.Damien.Tests", "ntlm.Damien.Tests\ntlm.Damien.Tests.csproj", "{7D5D15D4-26A7-4A43-A95A-AB0A4CE94B4C}"
EndProject
Project("{9A19103F-16F7-4668-BE54-9A1E7A4F7556}") = "ntlm.Damien.Win", "ntlm.Damien.Win\ntlm.Damien.Win.csproj", "{172AFFFB-DF47-43DA-9111-6BFC67548131}"
EndProject
Project("{2150E333-8FDC-42A3-9474-1A3956D46DE8}") = "Info", "Info", "{D075C802-C659-45D7-877C-C78AB8F5152A}"
	ProjectSection(SolutionItems) = preProject
		..\README.md = ..\README.md
	EndProjectSection
EndProject
Project("{54435603-DBB4-11D2-8724-00A0C9A8B90C}") = "ntlm.Damien.Win.Setup", "ntlm.Damien.Win.Setup\ntlm.Damien.Win.Setup.vdproj", "{80E8F120-18A7-4730-873F-9A88D8FBAFBB}"
EndProject
Global
	GlobalSection(SolutionConfigurationPlatforms) = preSolution
		Debug|Any CPU = Debug|Any CPU
		Release|Any CPU = Release|Any CPU
	EndGlobalSection
	GlobalSection(ProjectConfigurationPlatforms) = postSolution
		{DB0A6802-3920-49D1-BA85-625A4CF5394B}.Debug|Any CPU.ActiveCfg = Debug|Any CPU
		{DB0A6802-3920-49D1-BA85-625A4CF5394B}.Debug|Any CPU.Build.0 = Debug|Any CPU
		{DB0A6802-3920-49D1-BA85-625A4CF5394B}.Release|Any CPU.ActiveCfg = Release|Any CPU
		{DB0A6802-3920-49D1-BA85-625A4CF5394B}.Release|Any CPU.Build.0 = Release|Any CPU
		{7D5D15D4-26A7-4A43-A95A-AB0A4CE94B4C}.Debug|Any CPU.ActiveCfg = Debug|Any CPU
		{7D5D15D4-26A7-4A43-A95A-AB0A4CE94B4C}.Debug|Any CPU.Build.0 = Debug|Any CPU
		{7D5D15D4-26A7-4A43-A95A-AB0A4CE94B4C}.Release|Any CPU.ActiveCfg = Release|Any CPU
		{7D5D15D4-26A7-4A43-A95A-AB0A4CE94B4C}.Release|Any CPU.Build.0 = Release|Any CPU
		{172AFFFB-DF47-43DA-9111-6BFC67548131}.Debug|Any CPU.ActiveCfg = Debug|Any CPU
		{172AFFFB-DF47-43DA-9111-6BFC67548131}.Debug|Any CPU.Build.0 = Debug|Any CPU
		{172AFFFB-DF47-43DA-9111-6BFC67548131}.Release|Any CPU.ActiveCfg = Release|Any CPU
		{172AFFFB-DF47-43DA-9111-6BFC67548131}.Release|Any CPU.Build.0 = Release|Any CPU
		{80E8F120-18A7-4730-873F-9A88D8FBAFBB}.Debug|Any CPU.ActiveCfg = Debug
		{80E8F120-18A7-4730-873F-9A88D8FBAFBB}.Release|Any CPU.ActiveCfg = Release
	EndGlobalSection
	GlobalSection(SolutionProperties) = preSolution
		HideSolutionNode = FALSE
	EndGlobalSection
	GlobalSection(ExtensibilityGlobals) = postSolution
		SolutionGuid = {520BC149-B8FE-4889-89C4-1289C8CC9EE3}
	EndGlobalSection
EndGlobal
