
Microsoft Visual Studio Solution File, Format Version 12.00
# Visual Studio Version 17
VisualStudioVersion = 17.10.35027.167
MinimumVisualStudioVersion = 10.0.40219.1
Project("{9A19103F-16F7-4668-BE54-9A1E7A4F7556}") = "ntlm.Damien", "ntlm.Damien\ntlm.Damien.csproj", "{DB0A6802-3920-49D1-BA85-625A4CF5394B}"
EndProject
Project("{9A19103F-16F7-4668-BE54-9A1E7A4F7556}") = "ntlm.Damien.Win", "ntlm.Damien.Win\ntlm.Damien.Win.csproj", "{172AFFFB-DF47-43DA-9111-6BFC67548131}"
EndProject
Project("{2150E333-8FDC-42A3-9474-1A3956D46DE8}") = "Info", "Info", "{D075C802-C659-45D7-877C-C78AB8F5152A}"
	ProjectSection(SolutionItems) = preProject
		.gitignore = .gitignore
		README.md = README.md
		.github\workflows\release.yml = .github\workflows\release.yml
		test-issue.md = test-issue.md
	EndProjectSection
EndProject
Project("{9A19103F-16F7-4668-BE54-9A1E7A4F7556}") = "ntlm.Damien.Tests", "ntlm.Damien.Tests\ntlm.Damien.Tests.csproj", "{7B0FF906-5616-4224-9E09-D8BA5B3F978D}"
EndProject
Project("{9A19103F-16F7-4668-BE54-9A1E7A4F7556}") = "ntlm.Damien.CloseIssues", "ntlm.Damien.CloseIssues\ntlm.Damien.CloseIssues.csproj", "{7EF5864B-6AB8-47FA-BCF0-D5D23FFA840D}"
EndProject
Project("{9A19103F-16F7-4668-BE54-9A1E7A4F7556}") = "ntlm.Damien.ClearVsFolder", "ntlm.Damien.ClearVsFolder\ntlm.Damien.ClearVsFolder.csproj", "{8DE7EEC8-071D-4EB9-A49C-06AE417B66E0}"
EndProject
Global
	GlobalSection(SolutionConfigurationPlatforms) = preSolution
		Debug|Any CPU = Debug|Any CPU
		Debug|ARM64 = Debug|ARM64
		Debug|x64 = Debug|x64
		Debug|x86 = Debug|x86
		Release|Any CPU = Release|Any CPU
		Release|ARM64 = Release|ARM64
		Release|x64 = Release|x64
		Release|x86 = Release|x86
	EndGlobalSection
	GlobalSection(ProjectConfigurationPlatforms) = postSolution
		{DB0A6802-3920-49D1-BA85-625A4CF5394B}.Debug|Any CPU.ActiveCfg = Debug|Any CPU
		{DB0A6802-3920-49D1-BA85-625A4CF5394B}.Debug|Any CPU.Build.0 = Debug|Any CPU
		{DB0A6802-3920-49D1-BA85-625A4CF5394B}.Debug|ARM64.ActiveCfg = Debug|Any CPU
		{DB0A6802-3920-49D1-BA85-625A4CF5394B}.Debug|ARM64.Build.0 = Debug|Any CPU
		{DB0A6802-3920-49D1-BA85-625A4CF5394B}.Debug|x64.ActiveCfg = Debug|Any CPU
		{DB0A6802-3920-49D1-BA85-625A4CF5394B}.Debug|x64.Build.0 = Debug|Any CPU
		{DB0A6802-3920-49D1-BA85-625A4CF5394B}.Debug|x86.ActiveCfg = Debug|Any CPU
		{DB0A6802-3920-49D1-BA85-625A4CF5394B}.Debug|x86.Build.0 = Debug|Any CPU
		{DB0A6802-3920-49D1-BA85-625A4CF5394B}.Release|Any CPU.ActiveCfg = Release|Any CPU
		{DB0A6802-3920-49D1-BA85-625A4CF5394B}.Release|Any CPU.Build.0 = Release|Any CPU
		{DB0A6802-3920-49D1-BA85-625A4CF5394B}.Release|ARM64.ActiveCfg = Release|Any CPU
		{DB0A6802-3920-49D1-BA85-625A4CF5394B}.Release|ARM64.Build.0 = Release|Any CPU
		{DB0A6802-3920-49D1-BA85-625A4CF5394B}.Release|x64.ActiveCfg = Release|Any CPU
		{DB0A6802-3920-49D1-BA85-625A4CF5394B}.Release|x64.Build.0 = Release|Any CPU
		{DB0A6802-3920-49D1-BA85-625A4CF5394B}.Release|x86.ActiveCfg = Release|Any CPU
		{DB0A6802-3920-49D1-BA85-625A4CF5394B}.Release|x86.Build.0 = Release|Any CPU
		{172AFFFB-DF47-43DA-9111-6BFC67548131}.Debug|Any CPU.ActiveCfg = Debug|Any CPU
		{172AFFFB-DF47-43DA-9111-6BFC67548131}.Debug|Any CPU.Build.0 = Debug|Any CPU
		{172AFFFB-DF47-43DA-9111-6BFC67548131}.Debug|ARM64.ActiveCfg = Debug|Any CPU
		{172AFFFB-DF47-43DA-9111-6BFC67548131}.Debug|ARM64.Build.0 = Debug|Any CPU
		{172AFFFB-DF47-43DA-9111-6BFC67548131}.Debug|x64.ActiveCfg = Debug|Any CPU
		{172AFFFB-DF47-43DA-9111-6BFC67548131}.Debug|x64.Build.0 = Debug|Any CPU
		{172AFFFB-DF47-43DA-9111-6BFC67548131}.Debug|x86.ActiveCfg = Debug|Any CPU
		{172AFFFB-DF47-43DA-9111-6BFC67548131}.Debug|x86.Build.0 = Debug|Any CPU
		{172AFFFB-DF47-43DA-9111-6BFC67548131}.Release|Any CPU.ActiveCfg = Release|Any CPU
		{172AFFFB-DF47-43DA-9111-6BFC67548131}.Release|Any CPU.Build.0 = Release|Any CPU
		{172AFFFB-DF47-43DA-9111-6BFC67548131}.Release|ARM64.ActiveCfg = Release|Any CPU
		{172AFFFB-DF47-43DA-9111-6BFC67548131}.Release|ARM64.Build.0 = Release|Any CPU
		{172AFFFB-DF47-43DA-9111-6BFC67548131}.Release|x64.ActiveCfg = Release|Any CPU
		{172AFFFB-DF47-43DA-9111-6BFC67548131}.Release|x64.Build.0 = Release|Any CPU
		{172AFFFB-DF47-43DA-9111-6BFC67548131}.Release|x86.ActiveCfg = Release|Any CPU
		{172AFFFB-DF47-43DA-9111-6BFC67548131}.Release|x86.Build.0 = Release|Any CPU
		{7B0FF906-5616-4224-9E09-D8BA5B3F978D}.Debug|Any CPU.ActiveCfg = Debug|Any CPU
		{7B0FF906-5616-4224-9E09-D8BA5B3F978D}.Debug|Any CPU.Build.0 = Debug|Any CPU
		{7B0FF906-5616-4224-9E09-D8BA5B3F978D}.Debug|ARM64.ActiveCfg = Debug|Any CPU
		{7B0FF906-5616-4224-9E09-D8BA5B3F978D}.Debug|ARM64.Build.0 = Debug|Any CPU
		{7B0FF906-5616-4224-9E09-D8BA5B3F978D}.Debug|x64.ActiveCfg = Debug|Any CPU
		{7B0FF906-5616-4224-9E09-D8BA5B3F978D}.Debug|x64.Build.0 = Debug|Any CPU
		{7B0FF906-5616-4224-9E09-D8BA5B3F978D}.Debug|x86.ActiveCfg = Debug|Any CPU
		{7B0FF906-5616-4224-9E09-D8BA5B3F978D}.Debug|x86.Build.0 = Debug|Any CPU
		{7B0FF906-5616-4224-9E09-D8BA5B3F978D}.Release|Any CPU.ActiveCfg = Release|Any CPU
		{7B0FF906-5616-4224-9E09-D8BA5B3F978D}.Release|Any CPU.Build.0 = Release|Any CPU
		{7B0FF906-5616-4224-9E09-D8BA5B3F978D}.Release|ARM64.ActiveCfg = Release|Any CPU
		{7B0FF906-5616-4224-9E09-D8BA5B3F978D}.Release|ARM64.Build.0 = Release|Any CPU
		{7B0FF906-5616-4224-9E09-D8BA5B3F978D}.Release|x64.ActiveCfg = Release|Any CPU
		{7B0FF906-5616-4224-9E09-D8BA5B3F978D}.Release|x64.Build.0 = Release|Any CPU
		{7B0FF906-5616-4224-9E09-D8BA5B3F978D}.Release|x86.ActiveCfg = Release|Any CPU
		{7B0FF906-5616-4224-9E09-D8BA5B3F978D}.Release|x86.Build.0 = Release|Any CPU
		{7EF5864B-6AB8-47FA-BCF0-D5D23FFA840D}.Debug|Any CPU.ActiveCfg = Debug|Any CPU
		{7EF5864B-6AB8-47FA-BCF0-D5D23FFA840D}.Debug|Any CPU.Build.0 = Debug|Any CPU
		{7EF5864B-6AB8-47FA-BCF0-D5D23FFA840D}.Debug|ARM64.ActiveCfg = Debug|Any CPU
		{7EF5864B-6AB8-47FA-BCF0-D5D23FFA840D}.Debug|ARM64.Build.0 = Debug|Any CPU
		{7EF5864B-6AB8-47FA-BCF0-D5D23FFA840D}.Debug|x64.ActiveCfg = Debug|Any CPU
		{7EF5864B-6AB8-47FA-BCF0-D5D23FFA840D}.Debug|x64.Build.0 = Debug|Any CPU
		{7EF5864B-6AB8-47FA-BCF0-D5D23FFA840D}.Debug|x86.ActiveCfg = Debug|Any CPU
		{7EF5864B-6AB8-47FA-BCF0-D5D23FFA840D}.Debug|x86.Build.0 = Debug|Any CPU
		{7EF5864B-6AB8-47FA-BCF0-D5D23FFA840D}.Release|Any CPU.ActiveCfg = Release|Any CPU
		{7EF5864B-6AB8-47FA-BCF0-D5D23FFA840D}.Release|Any CPU.Build.0 = Release|Any CPU
		{7EF5864B-6AB8-47FA-BCF0-D5D23FFA840D}.Release|ARM64.ActiveCfg = Release|Any CPU
		{7EF5864B-6AB8-47FA-BCF0-D5D23FFA840D}.Release|ARM64.Build.0 = Release|Any CPU
		{7EF5864B-6AB8-47FA-BCF0-D5D23FFA840D}.Release|x64.ActiveCfg = Release|Any CPU
		{7EF5864B-6AB8-47FA-BCF0-D5D23FFA840D}.Release|x64.Build.0 = Release|Any CPU
		{7EF5864B-6AB8-47FA-BCF0-D5D23FFA840D}.Release|x86.ActiveCfg = Release|Any CPU
		{7EF5864B-6AB8-47FA-BCF0-D5D23FFA840D}.Release|x86.Build.0 = Release|Any CPU
		{8DE7EEC8-071D-4EB9-A49C-06AE417B66E0}.Debug|Any CPU.ActiveCfg = Debug|Any CPU
		{8DE7EEC8-071D-4EB9-A49C-06AE417B66E0}.Debug|Any CPU.Build.0 = Debug|Any CPU
		{8DE7EEC8-071D-4EB9-A49C-06AE417B66E0}.Debug|ARM64.ActiveCfg = Debug|Any CPU
		{8DE7EEC8-071D-4EB9-A49C-06AE417B66E0}.Debug|ARM64.Build.0 = Debug|Any CPU
		{8DE7EEC8-071D-4EB9-A49C-06AE417B66E0}.Debug|x64.ActiveCfg = Debug|Any CPU
		{8DE7EEC8-071D-4EB9-A49C-06AE417B66E0}.Debug|x64.Build.0 = Debug|Any CPU
		{8DE7EEC8-071D-4EB9-A49C-06AE417B66E0}.Debug|x86.ActiveCfg = Debug|Any CPU
		{8DE7EEC8-071D-4EB9-A49C-06AE417B66E0}.Debug|x86.Build.0 = Debug|Any CPU
		{8DE7EEC8-071D-4EB9-A49C-06AE417B66E0}.Release|Any CPU.ActiveCfg = Release|Any CPU
		{8DE7EEC8-071D-4EB9-A49C-06AE417B66E0}.Release|Any CPU.Build.0 = Release|Any CPU
		{8DE7EEC8-071D-4EB9-A49C-06AE417B66E0}.Release|ARM64.ActiveCfg = Release|Any CPU
		{8DE7EEC8-071D-4EB9-A49C-06AE417B66E0}.Release|ARM64.Build.0 = Release|Any CPU
		{8DE7EEC8-071D-4EB9-A49C-06AE417B66E0}.Release|x64.ActiveCfg = Release|Any CPU
		{8DE7EEC8-071D-4EB9-A49C-06AE417B66E0}.Release|x64.Build.0 = Release|Any CPU
		{8DE7EEC8-071D-4EB9-A49C-06AE417B66E0}.Release|x86.ActiveCfg = Release|Any CPU
		{8DE7EEC8-071D-4EB9-A49C-06AE417B66E0}.Release|x86.Build.0 = Release|Any CPU
	EndGlobalSection
	GlobalSection(SolutionProperties) = preSolution
		HideSolutionNode = FALSE
	EndGlobalSection
	GlobalSection(ExtensibilityGlobals) = postSolution
		SolutionGuid = {520BC149-B8FE-4889-89C4-1289C8CC9EE3}
	EndGlobalSection
EndGlobal
