
Microsoft Visual Studio Solution File, Format Version 12.00
# Visual Studio Version 17
VisualStudioVersion = 17.11.35312.102
MinimumVisualStudioVersion = 10.0.40219.1
Project("{9A19103F-16F7-4668-BE54-9A1E7A4F7556}") = "ntlm.Damien.Publish", "ntlm.Damien.Publish.csproj", "{BCEB1569-9D2E-4816-8E88-174DA0EB3FB0}"
EndProject
Global
	GlobalSection(SolutionConfigurationPlatforms) = preSolution
		Debug|Any CPU = Debug|Any CPU
		Release|Any CPU = Release|Any CPU
	EndGlobalSection
	GlobalSection(ProjectConfigurationPlatforms) = postSolution
		{BCEB1569-9D2E-4816-8E88-174DA0EB3FB0}.Debug|Any CPU.ActiveCfg = Debug|Any CPU
		{BCEB1569-9D2E-4816-8E88-174DA0EB3FB0}.Debug|Any CPU.Build.0 = Debug|Any CPU
		{BCEB1569-9D2E-4816-8E88-174DA0EB3FB0}.Release|Any CPU.ActiveCfg = Release|Any CPU
		{BCEB1569-9D2E-4816-8E88-174DA0EB3FB0}.Release|Any CPU.Build.0 = Release|Any CPU
	EndGlobalSection
	GlobalSection(SolutionProperties) = preSolution
		HideSolutionNode = FALSE
	EndGlobalSection
	GlobalSection(ExtensibilityGlobals) = postSolution
		SolutionGuid = {29682AEB-C8D7-461E-9FAA-F7A082CBCC13}
	EndGlobalSection
EndGlobal
